
Microsoft Visual Studio Solution File, Format Version 12.00
# Visual Studio Version 16
VisualStudioVersion = 16.0.29709.97
MinimumVisualStudioVersion = 10.0.40219.1
Project("{8BC9CEB8-8B4A-11D0-8D11-00A0C91BC942}") = "sets_mathematics", "sets_mathematics\sets_mathematics.vcxproj", "{28C477A6-6E40-4EDD-984F-5CC4842F732E}"
EndProject
Global
	GlobalSection(SolutionConfigurationPlatforms) = preSolution
		Debug|x64 = Debug|x64
		Debug|x86 = Debug|x86
		Release|x64 = Release|x64
		Release|x86 = Release|x86
	EndGlobalSection
	GlobalSection(ProjectConfigurationPlatforms) = postSolution
		{28C477A6-6E40-4EDD-984F-5CC4842F732E}.Debug|x64.ActiveCfg = Debug|x64
		{28C477A6-6E40-4EDD-984F-5CC4842F732E}.Debug|x64.Build.0 = Debug|x64
		{28C477A6-6E40-4EDD-984F-5CC4842F732E}.Debug|x86.ActiveCfg = Debug|Win32
		{28C477A6-6E40-4EDD-984F-5CC4842F732E}.Debug|x86.Build.0 = Debug|Win32
		{28C477A6-6E40-4EDD-984F-5CC4842F732E}.Release|x64.ActiveCfg = Release|x64
		{28C477A6-6E40-4EDD-984F-5CC4842F732E}.Release|x64.Build.0 = Release|x64
		{28C477A6-6E40-4EDD-984F-5CC4842F732E}.Release|x86.ActiveCfg = Release|Win32
		{28C477A6-6E40-4EDD-984F-5CC4842F732E}.Release|x86.Build.0 = Release|Win32
	EndGlobalSection
	GlobalSection(SolutionProperties) = preSolution
		HideSolutionNode = FALSE
	EndGlobalSection
	GlobalSection(ExtensibilityGlobals) = postSolution
		SolutionGuid = {684FB391-4132-41F5-90DF-4199951CA244}
	EndGlobalSection
EndGlobal
